
Microsoft Visual Studio Solution File, Format Version 12.00
# Visual Studio Version 17
VisualStudioVersion = 17.1.32210.238
MinimumVisualStudioVersion = 10.0.40219.1
Project("{FAE04EC0-301F-11D3-BF4B-00C04F79EFBC}") = "RobotModelTransfer", "RobotModelTransfer\RobotModelTransfer.csproj", "{A587F0DF-AADC-4BB3-9605-AA99287D4D0B}"
EndProject
Project("{FAE04EC0-301F-11D3-BF4B-00C04F79EFBC}") = "Models", "Models\Models.csproj", "{1B528940-9183-4F9D-AAB2-ABD2EDE600C6}"
EndProject
Project("{FAE04EC0-301F-11D3-BF4B-00C04F79EFBC}") = "Services", "Services\Services.csproj", "{2DE63A1F-A8CC-4CFA-8B2B-956A64C4FA54}"
EndProject
Global
	GlobalSection(SolutionConfigurationPlatforms) = preSolution
		Debug|Any CPU = Debug|Any CPU
		Release|Any CPU = Release|Any CPU
	EndGlobalSection
	GlobalSection(ProjectConfigurationPlatforms) = postSolution
		{A587F0DF-AADC-4BB3-9605-AA99287D4D0B}.Debug|Any CPU.ActiveCfg = Debug|Any CPU
		{A587F0DF-AADC-4BB3-9605-AA99287D4D0B}.Debug|Any CPU.Build.0 = Debug|Any CPU
		{A587F0DF-AADC-4BB3-9605-AA99287D4D0B}.Release|Any CPU.ActiveCfg = Release|Any CPU
		{A587F0DF-AADC-4BB3-9605-AA99287D4D0B}.Release|Any CPU.Build.0 = Release|Any CPU
		{1B528940-9183-4F9D-AAB2-ABD2EDE600C6}.Debug|Any CPU.ActiveCfg = Debug|Any CPU
		{1B528940-9183-4F9D-AAB2-ABD2EDE600C6}.Debug|Any CPU.Build.0 = Debug|Any CPU
		{1B528940-9183-4F9D-AAB2-ABD2EDE600C6}.Release|Any CPU.ActiveCfg = Release|Any CPU
		{1B528940-9183-4F9D-AAB2-ABD2EDE600C6}.Release|Any CPU.Build.0 = Release|Any CPU
		{2DE63A1F-A8CC-4CFA-8B2B-956A64C4FA54}.Debug|Any CPU.ActiveCfg = Debug|Any CPU
		{2DE63A1F-A8CC-4CFA-8B2B-956A64C4FA54}.Debug|Any CPU.Build.0 = Debug|Any CPU
		{2DE63A1F-A8CC-4CFA-8B2B-956A64C4FA54}.Release|Any CPU.ActiveCfg = Release|Any CPU
		{2DE63A1F-A8CC-4CFA-8B2B-956A64C4FA54}.Release|Any CPU.Build.0 = Release|Any CPU
	EndGlobalSection
	GlobalSection(SolutionProperties) = preSolution
		HideSolutionNode = FALSE
	EndGlobalSection
	GlobalSection(ExtensibilityGlobals) = postSolution
		SolutionGuid = {59E331B2-0AE9-44DB-831C-2857D1A560B2}
	EndGlobalSection
EndGlobal
